# THIS IS AN AUTOGENERATED FILE. DO NOT EDIT THIS FILE DIRECTLY.
# yarn lockfile v1


tcb-router@^1.1.2:
  version "1.1.2"
  resolved "https://registry.yarnpkg.com/tcb-router/-/tcb-router-1.1.2.tgz#7e5aa1867af08fae51ac039def8fbd03724f72a2"
  integrity sha512-VB+83paVdYG0LWaodh73JUy660te2oleM5gETslbCHLnhTtgXXYfAR0dlHBU5dIhhH47V1nKp43lZUo6Xm9O4g==
